
Microsoft Visual Studio Solution File, Format Version 12.00
# Visual Studio Version 17
VisualStudioVersion = 17.8.34511.84
MinimumVisualStudioVersion = 10.0.40219.1
Project("{FAE04EC0-301F-11D3-BF4B-00C04F79EFBC}") = "SuperheroSocial", "SuperheroSocial\SuperheroSocial.csproj", "{26942DF3-4424-4A02-8814-284F66B3D634}"
EndProject
Global
	GlobalSection(SolutionConfigurationPlatforms) = preSolution
		Debug|Any CPU = Debug|Any CPU
		Release|Any CPU = Release|Any CPU
	EndGlobalSection
	GlobalSection(ProjectConfigurationPlatforms) = postSolution
		{26942DF3-4424-4A02-8814-284F66B3D634}.Debug|Any CPU.ActiveCfg = Debug|Any CPU
		{26942DF3-4424-4A02-8814-284F66B3D634}.Debug|Any CPU.Build.0 = Debug|Any CPU
		{26942DF3-4424-4A02-8814-284F66B3D634}.Release|Any CPU.ActiveCfg = Release|Any CPU
		{26942DF3-4424-4A02-8814-284F66B3D634}.Release|Any CPU.Build.0 = Release|Any CPU
	EndGlobalSection
	GlobalSection(SolutionProperties) = preSolution
		HideSolutionNode = FALSE
	EndGlobalSection
	GlobalSection(ExtensibilityGlobals) = postSolution
		SolutionGuid = {7671F611-70B4-45CF-91FE-777A7151452C}
	EndGlobalSection
EndGlobal
